{
  "name": "@libra/demo",
  "version": "1.0.0",
  "lockfileVersion": 3,
  "requires": true,
  "packages": {
    "": {
      "name": "@libra/demo",
      "version": "1.0.0",
      "license": "MIT",
      "dependencies": {
        "hyplate": "^0.1.4"
      }
    },
    "node_modules/hyplate": {
      "version": "0.1.4",
      "resolved": "https://registry.npmjs.org/hyplate/-/hyplate-0.1.4.tgz",
      "integrity": "sha512-7PX0uA654bBwG6xLwezWfS7oabeeVk+YfivEWe9bR5ViQm6lnNNRiEXthClIoAt9oDG7UpQ49Hy9UvleyLLvmg==",
      "dependencies": {
        "typed-query-selector": "^2.8.0"
      }
    },
    "node_modules/typed-query-selector": {
      "version": "2.8.0",
      "resolved": "https://registry.npmjs.org/typed-query-selector/-/typed-query-selector-2.8.0.tgz",
      "integrity": "sha512-jo9NLGQ0b7sT9TK3mxzemATQqTb/uh8TRvcOK6WSwKNewALt3AA8q2m7cdpF/uUbd/cdixaBxCGe6fpzpEWbGw=="
    }
  }
}
